{
  "originHash" : "e531fca19bcfd157f0727f927bc871516e694e99ab2663b9ec530ee5163e0d1c",
  "pins" : [
    {
      "identity" : "example-package-deckofplayingcards",
      "kind" : "remoteSourceControl",
      "location" : "https://github.com/apple/example-package-deckofplayingcards.git",
      "state" : {
        "revision" : "ac38a4bb15ba8d2070c981464f2439ded480787a",
        "version" : "3.0.5"
      }
    },
    {
      "identity" : "example-package-playingcard",
      "kind" : "remoteSourceControl",
      "location" : "https://github.com/apple/example-package-playingcard.git",
      "state" : {
        "revision" : "39ddabb01e8102ab548a8c6bb3eb20b15f3b4fbc",
        "version" : "3.0.5"
      }
    }
  ],
  "version" : 3
}
